
Microsoft Visual Studio Solution File, Format Version 10.00
# Visual Studio 2008
Project("{FAE04EC0-301F-11D3-BF4B-00C04F79EFBC}") = "KataPotter", "src\KataPotter\KataPotter.csproj", "{9FBF3D9C-F07C-440C-AFF9-8519C5D0A130}"
EndProject
Project("{FAE04EC0-301F-11D3-BF4B-00C04F79EFBC}") = "KataPotter.Tests", "src\KataPotter.Tests\KataPotter.Tests.csproj", "{966109E3-A8BF-4120-9D0B-0A64D6060C0F}"
EndProject
Global
	GlobalSection(SolutionConfigurationPlatforms) = preSolution
		Debug|Any CPU = Debug|Any CPU
		Release|Any CPU = Release|Any CPU
	EndGlobalSection
	GlobalSection(ProjectConfigurationPlatforms) = postSolution
		{9FBF3D9C-F07C-440C-AFF9-8519C5D0A130}.Debug|Any CPU.ActiveCfg = Debug|Any CPU
		{9FBF3D9C-F07C-440C-AFF9-8519C5D0A130}.Debug|Any CPU.Build.0 = Debug|Any CPU
		{9FBF3D9C-F07C-440C-AFF9-8519C5D0A130}.Release|Any CPU.ActiveCfg = Release|Any CPU
		{9FBF3D9C-F07C-440C-AFF9-8519C5D0A130}.Release|Any CPU.Build.0 = Release|Any CPU
		{966109E3-A8BF-4120-9D0B-0A64D6060C0F}.Debug|Any CPU.ActiveCfg = Debug|Any CPU
		{966109E3-A8BF-4120-9D0B-0A64D6060C0F}.Debug|Any CPU.Build.0 = Debug|Any CPU
		{966109E3-A8BF-4120-9D0B-0A64D6060C0F}.Release|Any CPU.ActiveCfg = Release|Any CPU
		{966109E3-A8BF-4120-9D0B-0A64D6060C0F}.Release|Any CPU.Build.0 = Release|Any CPU
	EndGlobalSection
	GlobalSection(SolutionProperties) = preSolution
		HideSolutionNode = FALSE
	EndGlobalSection
EndGlobal
