
Microsoft Visual Studio Solution File, Format Version 10.00
# Visual Studio 2008
Project("{2150E333-8FDC-42A3-9474-1A3956D46DE8}") = "Tests", "Tests", "{41F811F5-ABC3-4443-8833-3F03EF80FA6D}"
EndProject
Project("{FAE04EC0-301F-11D3-BF4B-00C04F79EFBC}") = "Quark.Tools", "..\QuarkTools\src\Quark.Tools\Quark.Tools.csproj", "{B3B9275B-0384-4744-8CF4-A2426A8AE6A6}"
EndProject
Project("{FAE04EC0-301F-11D3-BF4B-00C04F79EFBC}") = "Quark.Tools.UnitTests", "..\QuarkTools\src\Quark.Tools.UnitTests\Quark.Tools.UnitTests.csproj", "{B4D3284D-8F1A-4F03-A60E-5D45308A3189}"
EndProject
Project("{FAE04EC0-301F-11D3-BF4B-00C04F79EFBC}") = "DemoApp", "src\DemoApp\DemoApp.csproj", "{DBA02459-D34D-4CE7-9C7E-19766D7300C3}"
EndProject
Project("{2150E333-8FDC-42A3-9474-1A3956D46DE8}") = "Tools", "Tools", "{EC4FED9F-F0EF-4188-A887-FC9C70D01251}"
EndProject
Global
	GlobalSection(SolutionConfigurationPlatforms) = preSolution
		Debug|Any CPU = Debug|Any CPU
		Release|Any CPU = Release|Any CPU
	EndGlobalSection
	GlobalSection(ProjectConfigurationPlatforms) = postSolution
		{B3B9275B-0384-4744-8CF4-A2426A8AE6A6}.Debug|Any CPU.ActiveCfg = Debug|Any CPU
		{B3B9275B-0384-4744-8CF4-A2426A8AE6A6}.Debug|Any CPU.Build.0 = Debug|Any CPU
		{B3B9275B-0384-4744-8CF4-A2426A8AE6A6}.Release|Any CPU.ActiveCfg = Release|Any CPU
		{B3B9275B-0384-4744-8CF4-A2426A8AE6A6}.Release|Any CPU.Build.0 = Release|Any CPU
		{B4D3284D-8F1A-4F03-A60E-5D45308A3189}.Debug|Any CPU.ActiveCfg = Debug|Any CPU
		{B4D3284D-8F1A-4F03-A60E-5D45308A3189}.Debug|Any CPU.Build.0 = Debug|Any CPU
		{B4D3284D-8F1A-4F03-A60E-5D45308A3189}.Release|Any CPU.ActiveCfg = Release|Any CPU
		{B4D3284D-8F1A-4F03-A60E-5D45308A3189}.Release|Any CPU.Build.0 = Release|Any CPU
		{DBA02459-D34D-4CE7-9C7E-19766D7300C3}.Debug|Any CPU.ActiveCfg = Debug|Any CPU
		{DBA02459-D34D-4CE7-9C7E-19766D7300C3}.Debug|Any CPU.Build.0 = Debug|Any CPU
		{DBA02459-D34D-4CE7-9C7E-19766D7300C3}.Release|Any CPU.ActiveCfg = Release|Any CPU
		{DBA02459-D34D-4CE7-9C7E-19766D7300C3}.Release|Any CPU.Build.0 = Release|Any CPU
	EndGlobalSection
	GlobalSection(SolutionProperties) = preSolution
		HideSolutionNode = FALSE
	EndGlobalSection
	GlobalSection(NestedProjects) = preSolution
		{B4D3284D-8F1A-4F03-A60E-5D45308A3189} = {41F811F5-ABC3-4443-8833-3F03EF80FA6D}
		{B3B9275B-0384-4744-8CF4-A2426A8AE6A6} = {EC4FED9F-F0EF-4188-A887-FC9C70D01251}
	EndGlobalSection
EndGlobal
