
Microsoft Visual Studio Solution File, Format Version 11.00
# Visual Studio 2010
Project("{FAE04EC0-301F-11D3-BF4B-00C04F79EFBC}") = "IPlayTennis.Web", "src\IPlayTennis.Web\IPlayTennis.Web.csproj", "{9B94E340-4EE6-4FC1-9152-7350F2A582F6}"
EndProject
Project("{FAE04EC0-301F-11D3-BF4B-00C04F79EFBC}") = "IPlayTennis.UnitTests", "src\IPlayTennis.UnitTests\IPlayTennis.UnitTests.csproj", "{063A6F2F-A363-4839-B60C-5C9E3A1C3D94}"
EndProject
Project("{2150E333-8FDC-42A3-9474-1A3956D46DE8}") = "Tests", "Tests", "{DA2C4E49-A83D-45A0-AFA0-C0DCE31107C1}"
EndProject
Project("{FAE04EC0-301F-11D3-BF4B-00C04F79EFBC}") = "IPlayTennis.IntegrationTests", "src\IPlayTennis.IntegrationTests\IPlayTennis.IntegrationTests.csproj", "{376DC4BE-7620-470B-9EED-2207DCFEED4A}"
EndProject
Project("{FAE04EC0-301F-11D3-BF4B-00C04F79EFBC}") = "IPlayTennis.Core", "src\IPlayTennis.Core\IPlayTennis.Core.csproj", "{EF86FA9F-AAE4-4AFA-B961-3A0E92A45DAC}"
EndProject
Global
	GlobalSection(SolutionConfigurationPlatforms) = preSolution
		Debug|Any CPU = Debug|Any CPU
		Release|Any CPU = Release|Any CPU
	EndGlobalSection
	GlobalSection(ProjectConfigurationPlatforms) = postSolution
		{9B94E340-4EE6-4FC1-9152-7350F2A582F6}.Debug|Any CPU.ActiveCfg = Debug|Any CPU
		{9B94E340-4EE6-4FC1-9152-7350F2A582F6}.Debug|Any CPU.Build.0 = Debug|Any CPU
		{9B94E340-4EE6-4FC1-9152-7350F2A582F6}.Release|Any CPU.ActiveCfg = Release|Any CPU
		{9B94E340-4EE6-4FC1-9152-7350F2A582F6}.Release|Any CPU.Build.0 = Release|Any CPU
		{063A6F2F-A363-4839-B60C-5C9E3A1C3D94}.Debug|Any CPU.ActiveCfg = Debug|Any CPU
		{063A6F2F-A363-4839-B60C-5C9E3A1C3D94}.Debug|Any CPU.Build.0 = Debug|Any CPU
		{063A6F2F-A363-4839-B60C-5C9E3A1C3D94}.Release|Any CPU.ActiveCfg = Release|Any CPU
		{063A6F2F-A363-4839-B60C-5C9E3A1C3D94}.Release|Any CPU.Build.0 = Release|Any CPU
		{376DC4BE-7620-470B-9EED-2207DCFEED4A}.Debug|Any CPU.ActiveCfg = Debug|Any CPU
		{376DC4BE-7620-470B-9EED-2207DCFEED4A}.Debug|Any CPU.Build.0 = Debug|Any CPU
		{376DC4BE-7620-470B-9EED-2207DCFEED4A}.Release|Any CPU.ActiveCfg = Release|Any CPU
		{376DC4BE-7620-470B-9EED-2207DCFEED4A}.Release|Any CPU.Build.0 = Release|Any CPU
		{EF86FA9F-AAE4-4AFA-B961-3A0E92A45DAC}.Debug|Any CPU.ActiveCfg = Debug|Any CPU
		{EF86FA9F-AAE4-4AFA-B961-3A0E92A45DAC}.Debug|Any CPU.Build.0 = Debug|Any CPU
		{EF86FA9F-AAE4-4AFA-B961-3A0E92A45DAC}.Release|Any CPU.ActiveCfg = Release|Any CPU
		{EF86FA9F-AAE4-4AFA-B961-3A0E92A45DAC}.Release|Any CPU.Build.0 = Release|Any CPU
	EndGlobalSection
	GlobalSection(SolutionProperties) = preSolution
		HideSolutionNode = FALSE
	EndGlobalSection
	GlobalSection(NestedProjects) = preSolution
		{063A6F2F-A363-4839-B60C-5C9E3A1C3D94} = {DA2C4E49-A83D-45A0-AFA0-C0DCE31107C1}
		{376DC4BE-7620-470B-9EED-2207DCFEED4A} = {DA2C4E49-A83D-45A0-AFA0-C0DCE31107C1}
	EndGlobalSection
EndGlobal
