
Microsoft Visual Studio Solution File, Format Version 10.00
# Visual Studio 2008
Project("{FAE04EC0-301F-11D3-BF4B-00C04F79EFBC}") = "Canzsoft.Silverlight.Rpc", "src\Canzsoft.Silverlight.Rpc\Canzsoft.Silverlight.Rpc.csproj", "{9626A725-0689-44BD-98D5-08D207474424}"
EndProject
Project("{2150E333-8FDC-42A3-9474-1A3956D46DE8}") = "Tests", "Tests", "{96870E2A-5AEB-4F68-901A-AAE8E7C138F2}"
EndProject
Project("{FAE04EC0-301F-11D3-BF4B-00C04F79EFBC}") = "Canzsoft.Silverlight.UnitTests", "src\Canzsoft.Silverlight.UnitTests\Canzsoft.Silverlight.UnitTests.csproj", "{2D1FF07F-A5C6-465E-9EF6-895FF454B379}"
EndProject
Project("{FAE04EC0-301F-11D3-BF4B-00C04F79EFBC}") = "Canzsoft.Silverlight.Rpc.TestHost", "src\Canzsoft.Silverlight.Rpc.TestHost\Canzsoft.Silverlight.Rpc.TestHost.csproj", "{1D33BD24-D4DF-498C-8C94-8BD16D08F6F2}"
EndProject
Project("{FAE04EC0-301F-11D3-BF4B-00C04F79EFBC}") = "Canzsoft.Silverlight.IntegrationTests", "src\Canzsoft.Silverlight.IntegrationTests\Canzsoft.Silverlight.IntegrationTests.csproj", "{079007A1-834D-42E2-AB38-87607F123544}"
EndProject
Global
	GlobalSection(SolutionConfigurationPlatforms) = preSolution
		Debug|Any CPU = Debug|Any CPU
		Release|Any CPU = Release|Any CPU
	EndGlobalSection
	GlobalSection(ProjectConfigurationPlatforms) = postSolution
		{9626A725-0689-44BD-98D5-08D207474424}.Debug|Any CPU.ActiveCfg = Debug|Any CPU
		{9626A725-0689-44BD-98D5-08D207474424}.Debug|Any CPU.Build.0 = Debug|Any CPU
		{9626A725-0689-44BD-98D5-08D207474424}.Release|Any CPU.ActiveCfg = Release|Any CPU
		{9626A725-0689-44BD-98D5-08D207474424}.Release|Any CPU.Build.0 = Release|Any CPU
		{2D1FF07F-A5C6-465E-9EF6-895FF454B379}.Debug|Any CPU.ActiveCfg = Debug|Any CPU
		{2D1FF07F-A5C6-465E-9EF6-895FF454B379}.Debug|Any CPU.Build.0 = Debug|Any CPU
		{2D1FF07F-A5C6-465E-9EF6-895FF454B379}.Release|Any CPU.ActiveCfg = Release|Any CPU
		{2D1FF07F-A5C6-465E-9EF6-895FF454B379}.Release|Any CPU.Build.0 = Release|Any CPU
		{1D33BD24-D4DF-498C-8C94-8BD16D08F6F2}.Debug|Any CPU.ActiveCfg = Debug|Any CPU
		{1D33BD24-D4DF-498C-8C94-8BD16D08F6F2}.Debug|Any CPU.Build.0 = Debug|Any CPU
		{1D33BD24-D4DF-498C-8C94-8BD16D08F6F2}.Release|Any CPU.ActiveCfg = Release|Any CPU
		{1D33BD24-D4DF-498C-8C94-8BD16D08F6F2}.Release|Any CPU.Build.0 = Release|Any CPU
		{079007A1-834D-42E2-AB38-87607F123544}.Debug|Any CPU.ActiveCfg = Debug|Any CPU
		{079007A1-834D-42E2-AB38-87607F123544}.Debug|Any CPU.Build.0 = Debug|Any CPU
		{079007A1-834D-42E2-AB38-87607F123544}.Release|Any CPU.ActiveCfg = Release|Any CPU
		{079007A1-834D-42E2-AB38-87607F123544}.Release|Any CPU.Build.0 = Release|Any CPU
	EndGlobalSection
	GlobalSection(SolutionProperties) = preSolution
		HideSolutionNode = FALSE
	EndGlobalSection
	GlobalSection(NestedProjects) = preSolution
		{2D1FF07F-A5C6-465E-9EF6-895FF454B379} = {96870E2A-5AEB-4F68-901A-AAE8E7C138F2}
		{1D33BD24-D4DF-498C-8C94-8BD16D08F6F2} = {96870E2A-5AEB-4F68-901A-AAE8E7C138F2}
		{079007A1-834D-42E2-AB38-87607F123544} = {96870E2A-5AEB-4F68-901A-AAE8E7C138F2}
	EndGlobalSection
EndGlobal
